
Microsoft Visual Studio Solution File, Format Version 12.00
# Visual Studio Version 16
VisualStudioVersion = 16.0.31624.102
MinimumVisualStudioVersion = 10.0.40219.1
Project("{FAE04EC0-301F-11D3-BF4B-00C04F79EFBC}") = "ACME_Calc_V1.0", "ACME_Calc_V1.0\ACME_Calc_V1.0.csproj", "{BE3278E6-6D14-4DC6-97A5-B3CE145B6EB3}"
EndProject
Global
	GlobalSection(SolutionConfigurationPlatforms) = preSolution
		Debug|Any CPU = Debug|Any CPU
		Release|Any CPU = Release|Any CPU
	EndGlobalSection
	GlobalSection(ProjectConfigurationPlatforms) = postSolution
		{BE3278E6-6D14-4DC6-97A5-B3CE145B6EB3}.Debug|Any CPU.ActiveCfg = Debug|Any CPU
		{BE3278E6-6D14-4DC6-97A5-B3CE145B6EB3}.Debug|Any CPU.Build.0 = Debug|Any CPU
		{BE3278E6-6D14-4DC6-97A5-B3CE145B6EB3}.Release|Any CPU.ActiveCfg = Release|Any CPU
		{BE3278E6-6D14-4DC6-97A5-B3CE145B6EB3}.Release|Any CPU.Build.0 = Release|Any CPU
	EndGlobalSection
	GlobalSection(SolutionProperties) = preSolution
		HideSolutionNode = FALSE
	EndGlobalSection
	GlobalSection(ExtensibilityGlobals) = postSolution
		SolutionGuid = {D097023C-C920-4C25-824D-2F0D00A67EBC}
	EndGlobalSection
EndGlobal
